{
  "originHash" : "2839ec78c9956946f9b23f72c7233a7f1651bf8977a384176cf875dad0d57588",
  "pins" : [
    {
      "identity" : "cachemanager",
      "kind" : "remoteSourceControl",
      "location" : "https://github.com/jogan1075/CacheManager",
      "state" : {
        "revision" : "02c29fc23683ac4a4be26f4552a314daabd6621f",
        "version" : "1.0.2"
      }
    },
    {
      "identity" : "resolver",
      "kind" : "remoteSourceControl",
      "location" : "https://github.com/hmlongco/Resolver",
      "state" : {
        "revision" : "47602af1ac8d7952299fbd0bda3cfbd12cf3a8ca",
        "version" : "1.5.1"
      }
    }
  ],
  "version" : 3
}
